
Microsoft Visual Studio Solution File, Format Version 12.00
# Visual Studio Version 17
VisualStudioVersion = 17.13.35828.75 d17.13
MinimumVisualStudioVersion = 10.0.40219.1
Project("{FAE04EC0-301F-11D3-BF4B-00C04F79EFBC}") = "FotLoop", "FotLoop\FotLoop.csproj", "{8DC60155-3551-4224-A664-ABE98C601C80}"
EndProject
Global
	GlobalSection(SolutionConfigurationPlatforms) = preSolution
		Debug|Any CPU = Debug|Any CPU
		Release|Any CPU = Release|Any CPU
	EndGlobalSection
	GlobalSection(ProjectConfigurationPlatforms) = postSolution
		{8DC60155-3551-4224-A664-ABE98C601C80}.Debug|Any CPU.ActiveCfg = Debug|Any CPU
		{8DC60155-3551-4224-A664-ABE98C601C80}.Debug|Any CPU.Build.0 = Debug|Any CPU
		{8DC60155-3551-4224-A664-ABE98C601C80}.Release|Any CPU.ActiveCfg = Release|Any CPU
		{8DC60155-3551-4224-A664-ABE98C601C80}.Release|Any CPU.Build.0 = Release|Any CPU
	EndGlobalSection
	GlobalSection(SolutionProperties) = preSolution
		HideSolutionNode = FALSE
	EndGlobalSection
	GlobalSection(ExtensibilityGlobals) = postSolution
		SolutionGuid = {C118966A-F4BB-4C4D-9C8A-F9DAD4BFB253}
	EndGlobalSection
EndGlobal
